
Microsoft Visual Studio Solution File, Format Version 12.00
# Visual Studio 14
VisualStudioVersion = 14.0.25420.1
MinimumVisualStudioVersion = 10.0.40219.1
Project("{FAE04EC0-301F-11D3-BF4B-00C04F79EFBC}") = "HaulExplicitly", "HaulExplicitly.csproj", "{3EBFEBEA-E0F5-4A87-9DF5-B548DFE535C3}"
EndProject
Global
	GlobalSection(SolutionConfigurationPlatforms) = preSolution
		RW_1_0|Any CPU = RW_1_0|Any CPU
		RW_1_1|Any CPU = RW_1_1|Any CPU
		RW_1_2|Any CPU = RW_1_2|Any CPU
		RW_1_3|Any CPU = RW_1_3|Any CPU
		RW_1_4|Any CPU = RW_1_4|Any CPU
		RW_1_5|Any CPU = RW_1_5|Any CPU
	EndGlobalSection
	GlobalSection(ProjectConfigurationPlatforms) = postSolution
		{3EBFEBEA-E0F5-4A87-9DF5-B548DFE535C3}.RW_1_0|Any CPU.ActiveCfg = RW_1_0|Any CPU
		{3EBFEBEA-E0F5-4A87-9DF5-B548DFE535C3}.RW_1_0|Any CPU.Build.0 = RW_1_0|Any CPU
		{3EBFEBEA-E0F5-4A87-9DF5-B548DFE535C3}.RW_1_1|Any CPU.ActiveCfg = RW_1_1|Any CPU
		{3EBFEBEA-E0F5-4A87-9DF5-B548DFE535C3}.RW_1_1|Any CPU.Build.0 = RW_1_1|Any CPU
		{3EBFEBEA-E0F5-4A87-9DF5-B548DFE535C3}.RW_1_2|Any CPU.ActiveCfg = RW_1_2|Any CPU
		{3EBFEBEA-E0F5-4A87-9DF5-B548DFE535C3}.RW_1_2|Any CPU.Build.0 = RW_1_2|Any CPU
		{3EBFEBEA-E0F5-4A87-9DF5-B548DFE535C3}.RW_1_3|Any CPU.ActiveCfg = RW_1_3|Any CPU
		{3EBFEBEA-E0F5-4A87-9DF5-B548DFE535C3}.RW_1_3|Any CPU.Build.0 = RW_1_3|Any CPU
		{3EBFEBEA-E0F5-4A87-9DF5-B548DFE535C3}.RW_1_4|Any CPU.ActiveCfg = RW_1_4|Any CPU
		{3EBFEBEA-E0F5-4A87-9DF5-B548DFE535C3}.RW_1_4|Any CPU.Build.0 = RW_1_4|Any CPU
		{3EBFEBEA-E0F5-4A87-9DF5-B548DFE535C3}.RW_1_5|Any CPU.ActiveCfg = RW_1_5|Any CPU
		{3EBFEBEA-E0F5-4A87-9DF5-B548DFE535C3}.RW_1_5|Any CPU.Build.0 = RW_1_5|Any CPU
	EndGlobalSection
	GlobalSection(SolutionProperties) = preSolution
		HideSolutionNode = FALSE
	EndGlobalSection
EndGlobal
